
Microsoft Visual Studio Solution File, Format Version 12.00
# Visual Studio Version 17
VisualStudioVersion = 17.5.002.0
MinimumVisualStudioVersion = 10.0.40219.1
Project("{9A19103F-16F7-4668-BE54-9A1E7A4F7556}") = "DesafioPOO", "DesafioPOO.csproj", "{B517C9B5-B28D-423E-8276-491B7A4582B5}"
EndProject
Global
	GlobalSection(SolutionConfigurationPlatforms) = preSolution
		Debug|Any CPU = Debug|Any CPU
		Release|Any CPU = Release|Any CPU
	EndGlobalSection
	GlobalSection(ProjectConfigurationPlatforms) = postSolution
		{B517C9B5-B28D-423E-8276-491B7A4582B5}.Debug|Any CPU.ActiveCfg = Debug|Any CPU
		{B517C9B5-B28D-423E-8276-491B7A4582B5}.Debug|Any CPU.Build.0 = Debug|Any CPU
		{B517C9B5-B28D-423E-8276-491B7A4582B5}.Release|Any CPU.ActiveCfg = Release|Any CPU
		{B517C9B5-B28D-423E-8276-491B7A4582B5}.Release|Any CPU.Build.0 = Release|Any CPU
	EndGlobalSection
	GlobalSection(SolutionProperties) = preSolution
		HideSolutionNode = FALSE
	EndGlobalSection
	GlobalSection(ExtensibilityGlobals) = postSolution
		SolutionGuid = {0D15CAC9-D562-409D-9AD7-EF828A780B21}
	EndGlobalSection
EndGlobal
